// !$*UTF8*$!
{
	archiveVersion = 1;
	classes = {
	};
	objectVersion = 46;
	objects = {

/* Begin PBXBuildFile section */
		E1D7A0F01B5C046100730B1F /* AppDelegate.m in Sources */ = {isa = PBXBuildFile; fileRef = E1D7A0EF1B5C046100730B1F /* AppDelegate.m */; };
		E1D7A0F21B5C046100730B1F /* main.m in Sources */ = {isa = PBXBuildFile; fileRef = E1D7A0F11B5C046100730B1F /* main.m */; };
		E1D7A0F41B5C046100730B1F /* Images.xcassets in Resources */ = {isa = PBXBuildFile; fileRef = E1D7A0F31B5C046100730B1F /* Images.xcassets */; };
		E1D7A0F71B5C046100730B1F /* MainMenu.xib in Resources */ = {isa = PBXBuildFile; fileRef = E1D7A0F51B5C046100730B1F /* MainMenu.xib */; };
		E1D7A1031B5C046100730B1F /* osx_objective_cTests.m in Sources */ = {isa = PBXBuildFile; fileRef = E1D7A1021B5C046100730B1F /* osx_objective_cTests.m */; };
/* End PBXBuildFile section */

/* Begin PBXContainerItemProxy section */
		E1D7A0FD1B5C046100730B1F /* PBXContainerItemProxy */ = {
			isa = PBXContainerItemProxy;
			containerPortal = E1D7A0E11B5C046100730B1F /* Project object */;
			proxyType = 1;
			remoteGlobalIDString = E1D7A0E81B5C046100730B1F;
			remoteInfo = "osx-objective-c";
		};
/* End PBXContainerItemProxy section */

/* Begin PBXFileReference section */
		E1D7A0E91B5C046100730B1F /* osx-objective-c.app */ = {isa = PBXFileReference; explicitFileType = wrapper.application; includeInIndex = 0; path = "osx-objective-c.app"; sourceTree = BUILT_PRODUCTS_DIR; };
		E1D7A0ED1B5C046100730B1F /* Info.plist */ = {isa = PBXFileReference; lastKnownFileType = text.plist.xml; path = Info.plist; sourceTree = "<group>"; };
		E1D7A0EE1B5C046100730B1F /* AppDelegate.h */ = {isa = PBXFileReference; lastKnownFileType = sourcecode.c.h; path = AppDelegate.h; sourceTree = "<group>"; };
		E1D7A0EF1B5C046100730B1F /* AppDelegate.m */ = {isa = PBXFileReference; lastKnownFileType = sourcecode.c.objc; path = AppDelegate.m; sourceTree = "<group>"; };
		E1D7A0F11B5C046100730B1F /* main.m */ = {isa = PBXFileReference; lastKnownFileType = sourcecode.c.objc; path = main.m; sourceTree = "<group>"; };
		E1D7A0F31B5C046100730B1F /* Images.xcassets */ = {isa = PBXFileReference; lastKnownFileType = folder.assetcatalog; path = Images.xcassets; sourceTree = "<group>"; };
		E1D7A0F61B5C046100730B1F /* Base */ = {isa = PBXFileReference; lastKnownFileType = file.xib; name = Base; path = Base.lproj/MainMenu.xib; sourceTree = "<group>"; };
		E1D7A0FC1B5C046100730B1F /* osx-objective-cTests.xctest */ = {isa = PBXFileReference; explicitFileType = wrapper.cfbundle; includeInIndex = 0; path = "osx-objective-cTests.xctest"; sourceTree = BUILT_PRODUCTS_DIR; };
		E1D7A1011B5C046100730B1F /* Info.plist */ = {isa = PBXFileReference; lastKnownFileType = text.plist.xml; path = Info.plist; sourceTree = "<group>"; };
		E1D7A1021B5C046100730B1F /* osx_objective_cTests.m */ = {isa = PBXFileReference; lastKnownFileType = sourcecode.c.objc; path = osx_objective_cTests.m; sourceTree = "<group>"; };
/* End PBXFileReference section */

/* Begin PBXFrameworksBuildPhase section */
		E1D7A0E61B5C046100730B1F /* Frameworks */ = {
			isa = PBXFrameworksBuildPhase;
			buildActionMask = 2147483647;
			files = (
			);
			runOnlyForDeploymentPostprocessing = 0;
		};
		E1D7A0F91B5C046100730B1F /* Frameworks */ = {
			isa = PBXFrameworksBuildPhase;
			buildActionMask = 2147483647;
			files = (
			);
			runOnlyForDeploymentPostprocessing = 0;
		};
/* End PBXFrameworksBuildPhase section */

/* Begin PBXGroup section */
		E1D7A0E01B5C046100730B1F = {
			isa = PBXGroup;
			children = (
				E1D7A0EB1B5C046100730B1F /* osx-objective-c */,
				E1D7A0FF1B5C046100730B1F /* osx-objective-cTests */,
				E1D7A0EA1B5C046100730B1F /* Products */,
			);
			sourceTree = "<group>";
		};
		E1D7A0EA1B5C046100730B1F /* Products */ = {
			isa = PBXGroup;
			children = (
				E1D7A0E91B5C046100730B1F /* osx-objective-c.app */,
				E1D7A0FC1B5C046100730B1F /* osx-objective-cTests.xctest */,
			);
			name = Products;
			sourceTree = "<group>";
		};
		E1D7A0EB1B5C046100730B1F /* osx-objective-c */ = {
			isa = PBXGroup;
			children = (
				E1D7A0EE1B5C046100730B1F /* AppDelegate.h */,
				E1D7A0EF1B5C046100730B1F /* AppDelegate.m */,
				E1D7A0F31B5C046100730B1F /* Images.xcassets */,
				E1D7A0F51B5C046100730B1F /* MainMenu.xib */,
				E1D7A0EC1B5C046100730B1F /* Supporting Files */,
			);
			path = "osx-objective-c";
			sourceTree = "<group>";
		};
		E1D7A0EC1B5C046100730B1F /* Supporting Files */ = {
			isa = PBXGroup;
			children = (
				E1D7A0ED1B5C046100730B1F /* Info.plist */,
				E1D7A0F11B5C046100730B1F /* main.m */,
			);
			name = "Supporting Files";
			sourceTree = "<group>";
		};
		E1D7A0FF1B5C046100730B1F /* osx-objective-cTests */ = {
			isa = PBXGroup;
			children = (
				E1D7A1021B5C046100730B1F /* osx_objective_cTests.m */,
				E1D7A1001B5C046100730B1F /* Supporting Files */,
			);
			path = "osx-objective-cTests";
			sourceTree = "<group>";
		};
		E1D7A1001B5C046100730B1F /* Supporting Files */ = {
			isa = PBXGroup;
			children = (
				E1D7A1011B5C046100730B1F /* Info.plist */,
			);
			name = "Supporting Files";
			sourceTree = "<group>";
		};
/* End PBXGroup section */

/* Begin PBXNativeTarget section */
		E1D7A0E81B5C046100730B1F /* osx-objective-c */ = {
			isa = PBXNativeTarget;
			buildConfigurationList = E1D7A1061B5C046100730B1F /* Build configuration list for PBXNativeTarget "osx-objective-c" */;
			buildPhases = (
				E1D7A0E51B5C046100730B1F /* Sources */,
				E1D7A0E61B5C046100730B1F /* Frameworks */,
				E1D7A0E71B5C046100730B1F /* Resources */,
			);
			buildRules = (
			);
			dependencies = (
			);
			name = "osx-objective-c";
			productName = "osx-objective-c";
			productReference = E1D7A0E91B5C046100730B1F /* osx-objective-c.app */;
			productType = "com.apple.product-type.application";
		};
		E1D7A0FB1B5C046100730B1F /* osx-objective-cTests */ = {
			isa = PBXNativeTarget;
			buildConfigurationList = E1D7A1091B5C046100730B1F /* Build configuration list for PBXNativeTarget "osx-objective-cTests" */;
			buildPhases = (
				E1D7A0F81B5C046100730B1F /* Sources */,
				E1D7A0F91B5C046100730B1F /* Frameworks */,
				E1D7A0FA1B5C046100730B1F /* Resources */,
			);
			buildRules = (
			);
			dependencies = (
				E1D7A0FE1B5C046100730B1F /* PBXTargetDependency */,
			);
			name = "osx-objective-cTests";
			productName = "osx-objective-cTests";
			productReference = E1D7A0FC1B5C046100730B1F /* osx-objective-cTests.xctest */;
			productType = "com.apple.product-type.bundle.unit-test";
		};
/* End PBXNativeTarget section */

/* Begin PBXProject section */
		E1D7A0E11B5C046100730B1F /* Project object */ = {
			isa = PBXProject;
			attributes = {
				LastUpgradeCheck = 0640;
				ORGANIZATIONNAME = "Erick Sanchez";
				TargetAttributes = {
					E1D7A0E81B5C046100730B1F = {
						CreatedOnToolsVersion = 6.4;
					};
					E1D7A0FB1B5C046100730B1F = {
						CreatedOnToolsVersion = 6.4;
						TestTargetID = E1D7A0E81B5C046100730B1F;
					};
				};
			};
			buildConfigurationList = E1D7A0E41B5C046100730B1F /* Build configuration list for PBXProject "osx-objective-c" */;
			compatibilityVersion = "Xcode 3.2";
			developmentRegion = English;
			hasScannedForEncodings = 0;
			knownRegions = (
				en,
				Base,
			);
			mainGroup = E1D7A0E01B5C046100730B1F;
			productRefGroup = E1D7A0EA1B5C046100730B1F /* Products */;
			projectDirPath = "";
			projectRoot = "";
			targets = (
				E1D7A0E81B5C046100730B1F /* osx-objective-c */,
				E1D7A0FB1B5C046100730B1F /* osx-objective-cTests */,
			);
		};
/* End PBXProject section */

/* Begin PBXResourcesBuildPhase section */
		E1D7A0E71B5C046100730B1F /* Resources */ = {
			isa = PBXResourcesBuildPhase;
			buildActionMask = 2147483647;
			files = (
				E1D7A0F41B5C046100730B1F /* Images.xcassets in Resources */,
				E1D7A0F71B5C046100730B1F /* MainMenu.xib in Resources */,
			);
			runOnlyForDeploymentPostprocessing = 0;
		};
		E1D7A0FA1B5C046100730B1F /* Resources */ = {
			isa = PBXResourcesBuildPhase;
			buildActionMask = 2147483647;
			files = (
			);
			runOnlyForDeploymentPostprocessing = 0;
		};
/* End PBXResourcesBuildPhase section */

/* Begin PBXSourcesBuildPhase section */
		E1D7A0E51B5C046100730B1F /* Sources */ = {
			isa = PBXSourcesBuildPhase;
			buildActionMask = 2147483647;
			files = (
				E1D7A0F21B5C046100730B1F /* main.m in Sources */,
				E1D7A0F01B5C046100730B1F /* AppDelegate.m in Sources */,
			);
			runOnlyForDeploymentPostprocessing = 0;
		};
		E1D7A0F81B5C046100730B1F /* Sources */ = {
			isa = PBXSourcesBuildPhase;
			buildActionMask = 2147483647;
			files = (
				E1D7A1031B5C046100730B1F /* osx_objective_cTests.m in Sources */,
			);
			runOnlyForDeploymentPostprocessing = 0;
		};
/* End PBXSourcesBuildPhase section */

/* Begin PBXTargetDependency section */
		E1D7A0FE1B5C046100730B1F /* PBXTargetDependency */ = {
			isa = PBXTargetDependency;
			target = E1D7A0E81B5C046100730B1F /* osx-objective-c */;
			targetProxy = E1D7A0FD1B5C046100730B1F /* PBXContainerItemProxy */;
		};
/* End PBXTargetDependency section */

/* Begin PBXVariantGroup section */
		E1D7A0F51B5C046100730B1F /* MainMenu.xib */ = {
			isa = PBXVariantGroup;
			children = (
				E1D7A0F61B5C046100730B1F /* Base */,
			);
			name = MainMenu.xib;
			sourceTree = "<group>";
		};
/* End PBXVariantGroup section */

/* Begin XCBuildConfiguration section */
		E1D7A1041B5C046100730B1F /* Debug */ = {
			isa = XCBuildConfiguration;
			buildSettings = {
				ALWAYS_SEARCH_USER_PATHS = NO;
				CLANG_CXX_LANGUAGE_STANDARD = "gnu++0x";
				CLANG_CXX_LIBRARY = "libc++";
				CLANG_ENABLE_MODULES = YES;
				CLANG_ENABLE_OBJC_ARC = YES;
				CLANG_WARN_BOOL_CONVERSION = YES;
				CLANG_WARN_CONSTANT_CONVERSION = YES;
				CLANG_WARN_DIRECT_OBJC_ISA_USAGE = YES_ERROR;
				CLANG_WARN_EMPTY_BODY = YES;
				CLANG_WARN_ENUM_CONVERSION = YES;
				CLANG_WARN_INT_CONVERSION = YES;
				CLANG_WARN_OBJC_ROOT_CLASS = YES_ERROR;
				CLANG_WARN_UNREACHABLE_CODE = YES;
				CLANG_WARN__DUPLICATE_METHOD_MATCH = YES;
				CODE_SIGN_IDENTITY = "-";
				COPY_PHASE_STRIP = NO;
				DEBUG_INFORMATION_FORMAT = dwarf;
				ENABLE_STRICT_OBJC_MSGSEND = YES;
				GCC_C_LANGUAGE_STANDARD = gnu99;
				GCC_DYNAMIC_NO_PIC = NO;
				GCC_NO_COMMON_BLOCKS = YES;
				GCC_OPTIMIZATION_LEVEL = 0;
				GCC_PREPROCESSOR_DEFINITIONS = (
					"DEBUG=1",
					"$(inherited)",
				);
				GCC_SYMBOLS_PRIVATE_EXTERN = NO;
				GCC_WARN_64_TO_32_BIT_CONVERSION = YES;
				GCC_WARN_ABOUT_RETURN_TYPE = YES_ERROR;
				GCC_WARN_UNDECLARED_SELECTOR = YES;
				GCC_WARN_UNINITIALIZED_AUTOS = YES_AGGRESSIVE;
				GCC_WARN_UNUSED_FUNCTION = YES;
				GCC_WARN_UNUSED_VARIABLE = YES;
				MACOSX_DEPLOYMENT_TARGET = 10.10;
				MTL_ENABLE_DEBUG_INFO = YES;
				ONLY_ACTIVE_ARCH = YES;
				SDKROOT = macosx;
			};
			name = Debug;
		};
		E1D7A1051B5C046100730B1F /* Release */ = {
			isa = XCBuildConfiguration;
			buildSettings = {
				ALWAYS_SEARCH_USER_PATHS = NO;
				CLANG_CXX_LANGUAGE_STANDARD = "gnu++0x";
				CLANG_CXX_LIBRARY = "libc++";
				CLANG_ENABLE_MODULES = YES;
				CLANG_ENABLE_OBJC_ARC = YES;
				CLANG_WARN_BOOL_CONVERSION = YES;
				CLANG_WARN_CONSTANT_CONVERSION = YES;
				CLANG_WARN_DIRECT_OBJC_ISA_USAGE = YES_ERROR;
				CLANG_WARN_EMPTY_BODY = YES;
				CLANG_WARN_ENUM_CONVERSION = YES;
				CLANG_WARN_INT_CONVERSION = YES;
				CLANG_WARN_OBJC_ROOT_CLASS = YES_ERROR;
				CLANG_WARN_UNREACHABLE_CODE = YES;
				CLANG_WARN__DUPLICATE_METHOD_MATCH = YES;
				CODE_SIGN_IDENTITY = "-";
				COPY_PHASE_STRIP = NO;
				DEBUG_INFORMATION_FORMAT = "dwarf-with-dsym";
				ENABLE_NS_ASSERTIONS = NO;
				ENABLE_STRICT_OBJC_MSGSEND = YES;
				GCC_C_LANGUAGE_STANDARD = gnu99;
				GCC_NO_COMMON_BLOCKS = YES;
				GCC_WARN_64_TO_32_BIT_CONVERSION = YES;
				GCC_WARN_ABOUT_RETURN_TYPE = YES_ERROR;
				GCC_WARN_UNDECLARED_SELECTOR = YES;
				GCC_WARN_UNINITIALIZED_AUTOS = YES_AGGRESSIVE;
				GCC_WARN_UNUSED_FUNCTION = YES;
				GCC_WARN_UNUSED_VARIABLE = YES;
				MACOSX_DEPLOYMENT_TARGET = 10.10;
				MTL_ENABLE_DEBUG_INFO = NO;
				SDKROOT = macosx;
			};
			name = Release;
		};
		E1D7A1071B5C046100730B1F /* Debug */ = {
			isa = XCBuildConfiguration;
			buildSettings = {
				ASSETCATALOG_COMPILER_APPICON_NAME = AppIcon;
				COMBINE_HIDPI_IMAGES = YES;
				INFOPLIST_FILE = "osx-objective-c/Info.plist";
				LD_RUNPATH_SEARCH_PATHS = "$(inherited) @executable_path/../Frameworks";
				PRODUCT_NAME = "$(TARGET_NAME)";
			};
			name = Debug;
		};
		E1D7A1081B5C046100730B1F /* Release */ = {
			isa = XCBuildConfiguration;
			buildSettings = {
				ASSETCATALOG_COMPILER_APPICON_NAME = AppIcon;
				COMBINE_HIDPI_IMAGES = YES;
				INFOPLIST_FILE = "osx-objective-c/Info.plist";
				LD_RUNPATH_SEARCH_PATHS = "$(inherited) @executable_path/../Frameworks";
				PRODUCT_NAME = "$(TARGET_NAME)";
			};
			name = Release;
		};
		E1D7A10A1B5C046100730B1F /* Debug */ = {
			isa = XCBuildConfiguration;
			buildSettings = {
				BUNDLE_LOADER = "$(TEST_HOST)";
				COMBINE_HIDPI_IMAGES = YES;
				FRAMEWORK_SEARCH_PATHS = (
					"$(DEVELOPER_FRAMEWORKS_DIR)",
					"$(inherited)",
				);
				GCC_PREPROCESSOR_DEFINITIONS = (
					"DEBUG=1",
					"$(inherited)",
				);
				INFOPLIST_FILE = "osx-objective-cTests/Info.plist";
				LD_RUNPATH_SEARCH_PATHS = "$(inherited) @executable_path/../Frameworks @loader_path/../Frameworks";
				PRODUCT_NAME = "$(TARGET_NAME)";
				TEST_HOST = "$(BUILT_PRODUCTS_DIR)/osx-objective-c.app/Contents/MacOS/osx-objective-c";
			};
			name = Debug;
		};
		E1D7A10B1B5C046100730B1F /* Release */ = {
			isa = XCBuildConfiguration;
			buildSettings = {
				BUNDLE_LOADER = "$(TEST_HOST)";
				COMBINE_HIDPI_IMAGES = YES;
				FRAMEWORK_SEARCH_PATHS = (
					"$(DEVELOPER_FRAMEWORKS_DIR)",
					"$(inherited)",
				);
				INFOPLIST_FILE = "osx-objective-cTests/Info.plist";
				LD_RUNPATH_SEARCH_PATHS = "$(inherited) @executable_path/../Frameworks @loader_path/../Frameworks";
				PRODUCT_NAME = "$(TARGET_NAME)";
				TEST_HOST = "$(BUILT_PRODUCTS_DIR)/osx-objective-c.app/Contents/MacOS/osx-objective-c";
			};
			name = Release;
		};
/* End XCBuildConfiguration section */

/* Begin XCConfigurationList section */
		E1D7A0E41B5C046100730B1F /* Build configuration list for PBXProject "osx-objective-c" */ = {
			isa = XCConfigurationList;
			buildConfigurations = (
				E1D7A1041B5C046100730B1F /* Debug */,
				E1D7A1051B5C046100730B1F /* Release */,
			);
			defaultConfigurationIsVisible = 0;
			defaultConfigurationName = Release;
		};
		E1D7A1061B5C046100730B1F /* Build configuration list for PBXNativeTarget "osx-objective-c" */ = {
			isa = XCConfigurationList;
			buildConfigurations = (
				E1D7A1071B5C046100730B1F /* Debug */,
				E1D7A1081B5C046100730B1F /* Release */,
			);
			defaultConfigurationIsVisible = 0;
		};
		E1D7A1091B5C046100730B1F /* Build configuration list for PBXNativeTarget "osx-objective-cTests" */ = {
			isa = XCConfigurationList;
			buildConfigurations = (
				E1D7A10A1B5C046100730B1F /* Debug */,
				E1D7A10B1B5C046100730B1F /* Release */,
			);
			defaultConfigurationIsVisible = 0;
		};
/* End XCConfigurationList section */
	};
	rootObject = E1D7A0E11B5C046100730B1F /* Project object */;
}
