// !$*UTF8*$!
{
	archiveVersion = 1;
	classes = {
	};
	objectVersion = 46;
	objects = {

/* Begin PBXGroup section */
		E1D7A09E1B5C03DB00730B1F = {
			isa = PBXGroup;
			children = (
			);
			sourceTree = "<group>";
		};
/* End PBXGroup section */

/* Begin PBXProject section */
		E1D7A09F1B5C03DB00730B1F /* Project object */ = {
			isa = PBXProject;
			attributes = {
				LastUpgradeCheck = 0640;
			};
			buildConfigurationList = E1D7A0A21B5C03DB00730B1F /* Build configuration list for PBXProject "Overstack" */;
			compatibilityVersion = "Xcode 3.2";
			developmentRegion = English;
			hasScannedForEncodings = 0;
			knownRegions = (
				en,
			);
			mainGroup = E1D7A09E1B5C03DB00730B1F;
			projectDirPath = "";
			projectRoot = "";
			targets = (
			);
		};
/* End PBXProject section */

/* Begin XCBuildConfiguration section */
		E1D7A0A31B5C03DB00730B1F /* Debug */ = {
			isa = XCBuildConfiguration;
			buildSettings = {
			};
			name = Debug;
		};
		E1D7A0A41B5C03DB00730B1F /* Release */ = {
			isa = XCBuildConfiguration;
			buildSettings = {
			};
			name = Release;
		};
/* End XCBuildConfiguration section */

/* Begin XCConfigurationList section */
		E1D7A0A21B5C03DB00730B1F /* Build configuration list for PBXProject "Overstack" */ = {
			isa = XCConfigurationList;
			buildConfigurations = (
				E1D7A0A31B5C03DB00730B1F /* Debug */,
				E1D7A0A41B5C03DB00730B1F /* Release */,
			);
			defaultConfigurationIsVisible = 0;
			defaultConfigurationName = Release;
		};
/* End XCConfigurationList section */
	};
	rootObject = E1D7A09F1B5C03DB00730B1F /* Project object */;
}
